// !$*UTF8*$!
{
	archiveVersion = 1;
	classes = {
	};
	objectVersion = 46;
	objects = {

/* Begin PBXBuildFile section */
		3A091EC71DC1284F00B9DABE /* AppDelegate.swift in Sources */ = {isa = PBXBuildFile; fileRef = 3A091EC61DC1284F00B9DABE /* AppDelegate.swift */; };
		3A091ECC1DC1284F00B9DABE /* Main.storyboard in Resources */ = {isa = PBXBuildFile; fileRef = 3A091ECA1DC1284F00B9DABE /* Main.storyboard */; };
		3A091ECE1DC1284F00B9DABE /* Assets.xcassets in Resources */ = {isa = PBXBuildFile; fileRef = 3A091ECD1DC1284F00B9DABE /* Assets.xcassets */; };
		3A091ED11DC1284F00B9DABE /* LaunchScreen.storyboard in Resources */ = {isa = PBXBuildFile; fileRef = 3A091ECF1DC1284F00B9DABE /* LaunchScreen.storyboard */; };
		3A091EDC1DC1285000B9DABE /* giphysearchTests.swift in Sources */ = {isa = PBXBuildFile; fileRef = 3A091EDB1DC1285000B9DABE /* giphysearchTests.swift */; };
		3A091EE91DC12B4F00B9DABE /* Alamofire.framework in Frameworks */ = {isa = PBXBuildFile; fileRef = 3A091EE71DC12B4F00B9DABE /* Alamofire.framework */; };
		3A091EEA1DC12B4F00B9DABE /* SwiftyJSON.framework in Frameworks */ = {isa = PBXBuildFile; fileRef = 3A091EE81DC12B4F00B9DABE /* SwiftyJSON.framework */; };
		3A091EF21DC144EF00B9DABE /* Gif.swift in Sources */ = {isa = PBXBuildFile; fileRef = 3A091EF11DC144EF00B9DABE /* Gif.swift */; };
		3A091EF41DC1481200B9DABE /* Utils.swift in Sources */ = {isa = PBXBuildFile; fileRef = 3A091EF31DC1481200B9DABE /* Utils.swift */; };
		3A87494A1DF0A3490085E7A4 /* GifSearchPresenter.swift in Sources */ = {isa = PBXBuildFile; fileRef = 3A8749491DF0A3490085E7A4 /* GifSearchPresenter.swift */; };
		3A87494C1DF0A3C90085E7A4 /* GifSearchViewController.swift in Sources */ = {isa = PBXBuildFile; fileRef = 3A87494B1DF0A3C90085E7A4 /* GifSearchViewController.swift */; };
		3A8749501DF0A5C20085E7A4 /* GifView.swift in Sources */ = {isa = PBXBuildFile; fileRef = 3A87494F1DF0A5C20085E7A4 /* GifView.swift */; };
		3A8749531DF0AB9D0085E7A4 /* GifPresenter.swift in Sources */ = {isa = PBXBuildFile; fileRef = 3A8749521DF0AB9D0085E7A4 /* GifPresenter.swift */; };
		3A8749571DF0AFAF0085E7A4 /* GifService.swift in Sources */ = {isa = PBXBuildFile; fileRef = 3A8749561DF0AFAF0085E7A4 /* GifService.swift */; };
		3A8749591DF0AFC80085E7A4 /* GifSearchService.swift in Sources */ = {isa = PBXBuildFile; fileRef = 3A8749581DF0AFC80085E7A4 /* GifSearchService.swift */; };
		3A9063421DF1D5FF00F2ADCF /* Kingfisher.framework in Frameworks */ = {isa = PBXBuildFile; fileRef = 3A9063401DF1D5FF00F2ADCF /* Kingfisher.framework */; };
		3A9063431DF1D5FF00F2ADCF /* SnapKit.framework in Frameworks */ = {isa = PBXBuildFile; fileRef = 3A9063411DF1D5FF00F2ADCF /* SnapKit.framework */; };
		3A96AA411DF7323200073879 /* Swinject.framework in Frameworks */ = {isa = PBXBuildFile; fileRef = 3A96AA3F1DF7323200073879 /* Swinject.framework */; };
		3A96AA421DF7323200073879 /* SwinjectStoryboard.framework in Frameworks */ = {isa = PBXBuildFile; fileRef = 3A96AA401DF7323200073879 /* SwinjectStoryboard.framework */; };
		3A96AA441DF7393000073879 /* SwinjectStoryboard+Setup.swift in Sources */ = {isa = PBXBuildFile; fileRef = 3A96AA431DF7393000073879 /* SwinjectStoryboard+Setup.swift */; };
		3ABE0CB81DF5C5C3004FCDC8 /* GifTableViewCell.swift in Sources */ = {isa = PBXBuildFile; fileRef = 3ABE0CB61DF5C5C3004FCDC8 /* GifTableViewCell.swift */; };
		3ABE0CB91DF5C5C3004FCDC8 /* GifTableViewCell.xib in Resources */ = {isa = PBXBuildFile; fileRef = 3ABE0CB71DF5C5C3004FCDC8 /* GifTableViewCell.xib */; };
/* End PBXBuildFile section */

/* Begin PBXContainerItemProxy section */
		3A091ED81DC1285000B9DABE /* PBXContainerItemProxy */ = {
			isa = PBXContainerItemProxy;
			containerPortal = 3A091EBB1DC1284F00B9DABE /* Project object */;
			proxyType = 1;
			remoteGlobalIDString = 3A091EC21DC1284F00B9DABE;
			remoteInfo = giphysearch;
		};
/* End PBXContainerItemProxy section */

/* Begin PBXFileReference section */
		3A091EC31DC1284F00B9DABE /* giphysearch.app */ = {isa = PBXFileReference; explicitFileType = wrapper.application; includeInIndex = 0; path = giphysearch.app; sourceTree = BUILT_PRODUCTS_DIR; };
		3A091EC61DC1284F00B9DABE /* AppDelegate.swift */ = {isa = PBXFileReference; lastKnownFileType = sourcecode.swift; path = AppDelegate.swift; sourceTree = "<group>"; };
		3A091ECB1DC1284F00B9DABE /* Base */ = {isa = PBXFileReference; lastKnownFileType = file.storyboard; name = Base; path = Base.lproj/Main.storyboard; sourceTree = "<group>"; };
		3A091ECD1DC1284F00B9DABE /* Assets.xcassets */ = {isa = PBXFileReference; lastKnownFileType = folder.assetcatalog; path = Assets.xcassets; sourceTree = "<group>"; };
		3A091ED01DC1284F00B9DABE /* Base */ = {isa = PBXFileReference; lastKnownFileType = file.storyboard; name = Base; path = Base.lproj/LaunchScreen.storyboard; sourceTree = "<group>"; };
		3A091ED21DC1284F00B9DABE /* Info.plist */ = {isa = PBXFileReference; lastKnownFileType = text.plist.xml; path = Info.plist; sourceTree = "<group>"; };
		3A091ED71DC1285000B9DABE /* giphysearchTests.xctest */ = {isa = PBXFileReference; explicitFileType = wrapper.cfbundle; includeInIndex = 0; path = giphysearchTests.xctest; sourceTree = BUILT_PRODUCTS_DIR; };
		3A091EDB1DC1285000B9DABE /* giphysearchTests.swift */ = {isa = PBXFileReference; lastKnownFileType = sourcecode.swift; path = giphysearchTests.swift; sourceTree = "<group>"; };
		3A091EDD1DC1285000B9DABE /* Info.plist */ = {isa = PBXFileReference; lastKnownFileType = text.plist.xml; path = Info.plist; sourceTree = "<group>"; };
		3A091EE71DC12B4F00B9DABE /* Alamofire.framework */ = {isa = PBXFileReference; lastKnownFileType = wrapper.framework; name = Alamofire.framework; path = Carthage/Build/iOS/Alamofire.framework; sourceTree = "<group>"; };
		3A091EE81DC12B4F00B9DABE /* SwiftyJSON.framework */ = {isa = PBXFileReference; lastKnownFileType = wrapper.framework; name = SwiftyJSON.framework; path = Carthage/Build/iOS/SwiftyJSON.framework; sourceTree = "<group>"; };
		3A091EF11DC144EF00B9DABE /* Gif.swift */ = {isa = PBXFileReference; fileEncoding = 4; lastKnownFileType = sourcecode.swift; name = Gif.swift; path = Classes/Model/Gif.swift; sourceTree = "<group>"; };
		3A091EF31DC1481200B9DABE /* Utils.swift */ = {isa = PBXFileReference; fileEncoding = 4; lastKnownFileType = sourcecode.swift; name = Utils.swift; path = Classes/Utils.swift; sourceTree = "<group>"; };
		3A8749491DF0A3490085E7A4 /* GifSearchPresenter.swift */ = {isa = PBXFileReference; fileEncoding = 4; lastKnownFileType = sourcecode.swift; path = GifSearchPresenter.swift; sourceTree = "<group>"; };
		3A87494B1DF0A3C90085E7A4 /* GifSearchViewController.swift */ = {isa = PBXFileReference; fileEncoding = 4; lastKnownFileType = sourcecode.swift; name = GifSearchViewController.swift; path = Classes/GifSearchViewController.swift; sourceTree = "<group>"; };
		3A87494F1DF0A5C20085E7A4 /* GifView.swift */ = {isa = PBXFileReference; fileEncoding = 4; lastKnownFileType = sourcecode.swift; path = GifView.swift; sourceTree = "<group>"; };
		3A8749521DF0AB9D0085E7A4 /* GifPresenter.swift */ = {isa = PBXFileReference; fileEncoding = 4; lastKnownFileType = sourcecode.swift; name = GifPresenter.swift; path = Classes/GifPresenter.swift; sourceTree = "<group>"; };
		3A8749561DF0AFAF0085E7A4 /* GifService.swift */ = {isa = PBXFileReference; fileEncoding = 4; lastKnownFileType = sourcecode.swift; path = GifService.swift; sourceTree = "<group>"; };
		3A8749581DF0AFC80085E7A4 /* GifSearchService.swift */ = {isa = PBXFileReference; fileEncoding = 4; lastKnownFileType = sourcecode.swift; path = GifSearchService.swift; sourceTree = "<group>"; };
		3A9063401DF1D5FF00F2ADCF /* Kingfisher.framework */ = {isa = PBXFileReference; lastKnownFileType = wrapper.framework; name = Kingfisher.framework; path = Carthage/Build/iOS/Kingfisher.framework; sourceTree = "<group>"; };
		3A9063411DF1D5FF00F2ADCF /* SnapKit.framework */ = {isa = PBXFileReference; lastKnownFileType = wrapper.framework; name = SnapKit.framework; path = Carthage/Build/iOS/SnapKit.framework; sourceTree = "<group>"; };
		3A96AA3F1DF7323200073879 /* Swinject.framework */ = {isa = PBXFileReference; lastKnownFileType = wrapper.framework; name = Swinject.framework; path = Carthage/Build/iOS/Swinject.framework; sourceTree = "<group>"; };
		3A96AA401DF7323200073879 /* SwinjectStoryboard.framework */ = {isa = PBXFileReference; lastKnownFileType = wrapper.framework; name = SwinjectStoryboard.framework; path = Carthage/Build/iOS/SwinjectStoryboard.framework; sourceTree = "<group>"; };
		3A96AA431DF7393000073879 /* SwinjectStoryboard+Setup.swift */ = {isa = PBXFileReference; fileEncoding = 4; lastKnownFileType = sourcecode.swift; name = "SwinjectStoryboard+Setup.swift"; path = "Classes/SwinjectStoryboard+Setup.swift"; sourceTree = "<group>"; };
		3ABE0CB61DF5C5C3004FCDC8 /* GifTableViewCell.swift */ = {isa = PBXFileReference; fileEncoding = 4; lastKnownFileType = sourcecode.swift; name = GifTableViewCell.swift; path = Classes/GifTableViewCell.swift; sourceTree = "<group>"; };
		3ABE0CB71DF5C5C3004FCDC8 /* GifTableViewCell.xib */ = {isa = PBXFileReference; fileEncoding = 4; lastKnownFileType = file.xib; name = GifTableViewCell.xib; path = Classes/GifTableViewCell.xib; sourceTree = "<group>"; };
/* End PBXFileReference section */

/* Begin PBXFrameworksBuildPhase section */
		3A091EC01DC1284F00B9DABE /* Frameworks */ = {
			isa = PBXFrameworksBuildPhase;
			buildActionMask = 2147483647;
			files = (
				3A96AA411DF7323200073879 /* Swinject.framework in Frameworks */,
				3A96AA421DF7323200073879 /* SwinjectStoryboard.framework in Frameworks */,
				3A9063421DF1D5FF00F2ADCF /* Kingfisher.framework in Frameworks */,
				3A9063431DF1D5FF00F2ADCF /* SnapKit.framework in Frameworks */,
				3A091EE91DC12B4F00B9DABE /* Alamofire.framework in Frameworks */,
				3A091EEA1DC12B4F00B9DABE /* SwiftyJSON.framework in Frameworks */,
			);
			runOnlyForDeploymentPostprocessing = 0;
		};
		3A091ED41DC1285000B9DABE /* Frameworks */ = {
			isa = PBXFrameworksBuildPhase;
			buildActionMask = 2147483647;
			files = (
			);
			runOnlyForDeploymentPostprocessing = 0;
		};
/* End PBXFrameworksBuildPhase section */

/* Begin PBXGroup section */
		3A091EBA1DC1284F00B9DABE = {
			isa = PBXGroup;
			children = (
				3A091EC51DC1284F00B9DABE /* giphysearch */,
				3A091EDA1DC1285000B9DABE /* giphysearchTests */,
				3A091EC41DC1284F00B9DABE /* Products */,
				3A091EE61DC12B4E00B9DABE /* Frameworks */,
			);
			sourceTree = "<group>";
		};
		3A091EC41DC1284F00B9DABE /* Products */ = {
			isa = PBXGroup;
			children = (
				3A091EC31DC1284F00B9DABE /* giphysearch.app */,
				3A091ED71DC1285000B9DABE /* giphysearchTests.xctest */,
			);
			name = Products;
			sourceTree = "<group>";
		};
		3A091EC51DC1284F00B9DABE /* giphysearch */ = {
			isa = PBXGroup;
			children = (
				3A8749411DF09E9A0085E7A4 /* Data */,
				3A091EEC1DC134EB00B9DABE /* Presenter */,
				3A091EEE1DC1350A00B9DABE /* View */,
				3A87495A1DF0B0C20085E7A4 /* Supplementary Files */,
			);
			path = giphysearch;
			sourceTree = "<group>";
		};
		3A091EDA1DC1285000B9DABE /* giphysearchTests */ = {
			isa = PBXGroup;
			children = (
				3A091EDB1DC1285000B9DABE /* giphysearchTests.swift */,
				3A091EDD1DC1285000B9DABE /* Info.plist */,
			);
			path = giphysearchTests;
			sourceTree = "<group>";
		};
		3A091EE61DC12B4E00B9DABE /* Frameworks */ = {
			isa = PBXGroup;
			children = (
				3A96AA3F1DF7323200073879 /* Swinject.framework */,
				3A96AA401DF7323200073879 /* SwinjectStoryboard.framework */,
				3A9063401DF1D5FF00F2ADCF /* Kingfisher.framework */,
				3A9063411DF1D5FF00F2ADCF /* SnapKit.framework */,
				3A091EE71DC12B4F00B9DABE /* Alamofire.framework */,
				3A091EE81DC12B4F00B9DABE /* SwiftyJSON.framework */,
			);
			name = Frameworks;
			sourceTree = "<group>";
		};
		3A091EEC1DC134EB00B9DABE /* Presenter */ = {
			isa = PBXGroup;
			children = (
				3A8749491DF0A3490085E7A4 /* GifSearchPresenter.swift */,
				3A8749521DF0AB9D0085E7A4 /* GifPresenter.swift */,
			);
			name = Presenter;
			sourceTree = "<group>";
		};
		3A091EED1DC1350500B9DABE /* Model */ = {
			isa = PBXGroup;
			children = (
				3A091EF11DC144EF00B9DABE /* Gif.swift */,
			);
			name = Model;
			sourceTree = "<group>";
		};
		3A091EEE1DC1350A00B9DABE /* View */ = {
			isa = PBXGroup;
			children = (
				3A091ECA1DC1284F00B9DABE /* Main.storyboard */,
				3A87494B1DF0A3C90085E7A4 /* GifSearchViewController.swift */,
				3A87494F1DF0A5C20085E7A4 /* GifView.swift */,
				3ABE0CB61DF5C5C3004FCDC8 /* GifTableViewCell.swift */,
				3ABE0CB71DF5C5C3004FCDC8 /* GifTableViewCell.xib */,
			);
			name = View;
			sourceTree = "<group>";
		};
		3A8749411DF09E9A0085E7A4 /* Data */ = {
			isa = PBXGroup;
			children = (
				3A8749421DF09EA10085E7A4 /* Service */,
				3A091EED1DC1350500B9DABE /* Model */,
			);
			name = Data;
			sourceTree = "<group>";
		};
		3A8749421DF09EA10085E7A4 /* Service */ = {
			isa = PBXGroup;
			children = (
				3A8749561DF0AFAF0085E7A4 /* GifService.swift */,
				3A8749581DF0AFC80085E7A4 /* GifSearchService.swift */,
			);
			name = Service;
			sourceTree = "<group>";
		};
		3A87495A1DF0B0C20085E7A4 /* Supplementary Files */ = {
			isa = PBXGroup;
			children = (
				3A091EC61DC1284F00B9DABE /* AppDelegate.swift */,
				3A091ECD1DC1284F00B9DABE /* Assets.xcassets */,
				3A091ECF1DC1284F00B9DABE /* LaunchScreen.storyboard */,
				3A091ED21DC1284F00B9DABE /* Info.plist */,
				3A091EF31DC1481200B9DABE /* Utils.swift */,
				3A96AA431DF7393000073879 /* SwinjectStoryboard+Setup.swift */,
			);
			name = "Supplementary Files";
			sourceTree = "<group>";
		};
/* End PBXGroup section */

/* Begin PBXNativeTarget section */
		3A091EC21DC1284F00B9DABE /* giphysearch */ = {
			isa = PBXNativeTarget;
			buildConfigurationList = 3A091EE01DC1285000B9DABE /* Build configuration list for PBXNativeTarget "giphysearch" */;
			buildPhases = (
				3A091EBF1DC1284F00B9DABE /* Sources */,
				3A091EC01DC1284F00B9DABE /* Frameworks */,
				3A091EC11DC1284F00B9DABE /* Resources */,
				3A091EEB1DC12B5700B9DABE /* ShellScript */,
			);
			buildRules = (
			);
			dependencies = (
			);
			name = giphysearch;
			productName = giphysearch;
			productReference = 3A091EC31DC1284F00B9DABE /* giphysearch.app */;
			productType = "com.apple.product-type.application";
		};
		3A091ED61DC1285000B9DABE /* giphysearchTests */ = {
			isa = PBXNativeTarget;
			buildConfigurationList = 3A091EE31DC1285000B9DABE /* Build configuration list for PBXNativeTarget "giphysearchTests" */;
			buildPhases = (
				3A091ED31DC1285000B9DABE /* Sources */,
				3A091ED41DC1285000B9DABE /* Frameworks */,
				3A091ED51DC1285000B9DABE /* Resources */,
			);
			buildRules = (
			);
			dependencies = (
				3A091ED91DC1285000B9DABE /* PBXTargetDependency */,
			);
			name = giphysearchTests;
			productName = giphysearchTests;
			productReference = 3A091ED71DC1285000B9DABE /* giphysearchTests.xctest */;
			productType = "com.apple.product-type.bundle.unit-test";
		};
/* End PBXNativeTarget section */

/* Begin PBXProject section */
		3A091EBB1DC1284F00B9DABE /* Project object */ = {
			isa = PBXProject;
			attributes = {
				LastSwiftUpdateCheck = 0800;
				LastUpgradeCheck = 0810;
				ORGANIZATIONNAME = "Eduardo Pinto";
				TargetAttributes = {
					3A091EC21DC1284F00B9DABE = {
						CreatedOnToolsVersion = 8.0;
						DevelopmentTeam = 3HGYZ8QVD6;
						ProvisioningStyle = Automatic;
					};
					3A091ED61DC1285000B9DABE = {
						CreatedOnToolsVersion = 8.0;
						DevelopmentTeam = 3HGYZ8QVD6;
						ProvisioningStyle = Automatic;
						TestTargetID = 3A091EC21DC1284F00B9DABE;
					};
				};
			};
			buildConfigurationList = 3A091EBE1DC1284F00B9DABE /* Build configuration list for PBXProject "giphysearch" */;
			compatibilityVersion = "Xcode 3.2";
			developmentRegion = English;
			hasScannedForEncodings = 0;
			knownRegions = (
				en,
				Base,
			);
			mainGroup = 3A091EBA1DC1284F00B9DABE;
			productRefGroup = 3A091EC41DC1284F00B9DABE /* Products */;
			projectDirPath = "";
			projectRoot = "";
			targets = (
				3A091EC21DC1284F00B9DABE /* giphysearch */,
				3A091ED61DC1285000B9DABE /* giphysearchTests */,
			);
		};
/* End PBXProject section */

/* Begin PBXResourcesBuildPhase section */
		3A091EC11DC1284F00B9DABE /* Resources */ = {
			isa = PBXResourcesBuildPhase;
			buildActionMask = 2147483647;
			files = (
				3A091ED11DC1284F00B9DABE /* LaunchScreen.storyboard in Resources */,
				3A091ECE1DC1284F00B9DABE /* Assets.xcassets in Resources */,
				3ABE0CB91DF5C5C3004FCDC8 /* GifTableViewCell.xib in Resources */,
				3A091ECC1DC1284F00B9DABE /* Main.storyboard in Resources */,
			);
			runOnlyForDeploymentPostprocessing = 0;
		};
		3A091ED51DC1285000B9DABE /* Resources */ = {
			isa = PBXResourcesBuildPhase;
			buildActionMask = 2147483647;
			files = (
			);
			runOnlyForDeploymentPostprocessing = 0;
		};
/* End PBXResourcesBuildPhase section */

/* Begin PBXShellScriptBuildPhase section */
		3A091EEB1DC12B5700B9DABE /* ShellScript */ = {
			isa = PBXShellScriptBuildPhase;
			buildActionMask = 2147483647;
			files = (
			);
			inputPaths = (
				"$(SRCROOT)/Carthage/Build/iOS/SwiftyJSON.framework",
				"$(SRCROOT)/Carthage/Build/iOS/Alamofire.framework",
				"$(SRCROOT)/Carthage/Build/iOS/Kingfisher.framework",
				"$(SRCROOT)/Carthage/Build/iOS/SnapKit.framework",
				"$(SRCROOT)/Carthage/Build/iOS/Swinject.framework",
				"$(SRCROOT)/Carthage/Build/iOS/SwinjectStoryboard.framework",
			);
			outputPaths = (
			);
			runOnlyForDeploymentPostprocessing = 0;
			shellPath = /bin/sh;
			shellScript = "/usr/local/bin/carthage copy-frameworks";
		};
/* End PBXShellScriptBuildPhase section */

/* Begin PBXSourcesBuildPhase section */
		3A091EBF1DC1284F00B9DABE /* Sources */ = {
			isa = PBXSourcesBuildPhase;
			buildActionMask = 2147483647;
			files = (
				3A091EC71DC1284F00B9DABE /* AppDelegate.swift in Sources */,
				3A96AA441DF7393000073879 /* SwinjectStoryboard+Setup.swift in Sources */,
				3A87494A1DF0A3490085E7A4 /* GifSearchPresenter.swift in Sources */,
				3A8749531DF0AB9D0085E7A4 /* GifPresenter.swift in Sources */,
				3A8749571DF0AFAF0085E7A4 /* GifService.swift in Sources */,
				3A8749591DF0AFC80085E7A4 /* GifSearchService.swift in Sources */,
				3A8749501DF0A5C20085E7A4 /* GifView.swift in Sources */,
				3A091EF21DC144EF00B9DABE /* Gif.swift in Sources */,
				3A091EF41DC1481200B9DABE /* Utils.swift in Sources */,
				3ABE0CB81DF5C5C3004FCDC8 /* GifTableViewCell.swift in Sources */,
				3A87494C1DF0A3C90085E7A4 /* GifSearchViewController.swift in Sources */,
			);
			runOnlyForDeploymentPostprocessing = 0;
		};
		3A091ED31DC1285000B9DABE /* Sources */ = {
			isa = PBXSourcesBuildPhase;
			buildActionMask = 2147483647;
			files = (
				3A091EDC1DC1285000B9DABE /* giphysearchTests.swift in Sources */,
			);
			runOnlyForDeploymentPostprocessing = 0;
		};
/* End PBXSourcesBuildPhase section */

/* Begin PBXTargetDependency section */
		3A091ED91DC1285000B9DABE /* PBXTargetDependency */ = {
			isa = PBXTargetDependency;
			target = 3A091EC21DC1284F00B9DABE /* giphysearch */;
			targetProxy = 3A091ED81DC1285000B9DABE /* PBXContainerItemProxy */;
		};
/* End PBXTargetDependency section */

/* Begin PBXVariantGroup section */
		3A091ECA1DC1284F00B9DABE /* Main.storyboard */ = {
			isa = PBXVariantGroup;
			children = (
				3A091ECB1DC1284F00B9DABE /* Base */,
			);
			name = Main.storyboard;
			sourceTree = "<group>";
		};
		3A091ECF1DC1284F00B9DABE /* LaunchScreen.storyboard */ = {
			isa = PBXVariantGroup;
			children = (
				3A091ED01DC1284F00B9DABE /* Base */,
			);
			name = LaunchScreen.storyboard;
			sourceTree = "<group>";
		};
/* End PBXVariantGroup section */

/* Begin XCBuildConfiguration section */
		3A091EDE1DC1285000B9DABE /* Debug */ = {
			isa = XCBuildConfiguration;
			buildSettings = {
				ALWAYS_SEARCH_USER_PATHS = NO;
				CLANG_ANALYZER_NONNULL = YES;
				CLANG_CXX_LANGUAGE_STANDARD = "gnu++0x";
				CLANG_CXX_LIBRARY = "libc++";
				CLANG_ENABLE_MODULES = YES;
				CLANG_ENABLE_OBJC_ARC = YES;
				CLANG_WARN_BOOL_CONVERSION = YES;
				CLANG_WARN_CONSTANT_CONVERSION = YES;
				CLANG_WARN_DIRECT_OBJC_ISA_USAGE = YES_ERROR;
				CLANG_WARN_DOCUMENTATION_COMMENTS = YES;
				CLANG_WARN_EMPTY_BODY = YES;
				CLANG_WARN_ENUM_CONVERSION = YES;
				CLANG_WARN_INFINITE_RECURSION = YES;
				CLANG_WARN_INT_CONVERSION = YES;
				CLANG_WARN_OBJC_ROOT_CLASS = YES_ERROR;
				CLANG_WARN_SUSPICIOUS_MOVE = YES;
				CLANG_WARN_SUSPICIOUS_MOVES = YES;
				CLANG_WARN_UNREACHABLE_CODE = YES;
				CLANG_WARN__DUPLICATE_METHOD_MATCH = YES;
				"CODE_SIGN_IDENTITY[sdk=iphoneos*]" = "iPhone Developer";
				COPY_PHASE_STRIP = NO;
				DEBUG_INFORMATION_FORMAT = dwarf;
				ENABLE_STRICT_OBJC_MSGSEND = YES;
				ENABLE_TESTABILITY = YES;
				GCC_C_LANGUAGE_STANDARD = gnu99;
				GCC_DYNAMIC_NO_PIC = NO;
				GCC_NO_COMMON_BLOCKS = YES;
				GCC_OPTIMIZATION_LEVEL = 0;
				GCC_PREPROCESSOR_DEFINITIONS = (
					"DEBUG=1",
					"$(inherited)",
				);
				GCC_WARN_64_TO_32_BIT_CONVERSION = YES;
				GCC_WARN_ABOUT_RETURN_TYPE = YES_ERROR;
				GCC_WARN_UNDECLARED_SELECTOR = YES;
				GCC_WARN_UNINITIALIZED_AUTOS = YES_AGGRESSIVE;
				GCC_WARN_UNUSED_FUNCTION = YES;
				GCC_WARN_UNUSED_VARIABLE = YES;
				IPHONEOS_DEPLOYMENT_TARGET = 10.0;
				MTL_ENABLE_DEBUG_INFO = YES;
				ONLY_ACTIVE_ARCH = YES;
				SDKROOT = iphoneos;
				SWIFT_ACTIVE_COMPILATION_CONDITIONS = DEBUG;
				SWIFT_OPTIMIZATION_LEVEL = "-Onone";
			};
			name = Debug;
		};
		3A091EDF1DC1285000B9DABE /* Release */ = {
			isa = XCBuildConfiguration;
			buildSettings = {
				ALWAYS_SEARCH_USER_PATHS = NO;
				CLANG_ANALYZER_NONNULL = YES;
				CLANG_CXX_LANGUAGE_STANDARD = "gnu++0x";
				CLANG_CXX_LIBRARY = "libc++";
				CLANG_ENABLE_MODULES = YES;
				CLANG_ENABLE_OBJC_ARC = YES;
				CLANG_WARN_BOOL_CONVERSION = YES;
				CLANG_WARN_CONSTANT_CONVERSION = YES;
				CLANG_WARN_DIRECT_OBJC_ISA_USAGE = YES_ERROR;
				CLANG_WARN_DOCUMENTATION_COMMENTS = YES;
				CLANG_WARN_EMPTY_BODY = YES;
				CLANG_WARN_ENUM_CONVERSION = YES;
				CLANG_WARN_INFINITE_RECURSION = YES;
				CLANG_WARN_INT_CONVERSION = YES;
				CLANG_WARN_OBJC_ROOT_CLASS = YES_ERROR;
				CLANG_WARN_SUSPICIOUS_MOVE = YES;
				CLANG_WARN_SUSPICIOUS_MOVES = YES;
				CLANG_WARN_UNREACHABLE_CODE = YES;
				CLANG_WARN__DUPLICATE_METHOD_MATCH = YES;
				"CODE_SIGN_IDENTITY[sdk=iphoneos*]" = "iPhone Developer";
				COPY_PHASE_STRIP = NO;
				DEBUG_INFORMATION_FORMAT = "dwarf-with-dsym";
				ENABLE_NS_ASSERTIONS = NO;
				ENABLE_STRICT_OBJC_MSGSEND = YES;
				GCC_C_LANGUAGE_STANDARD = gnu99;
				GCC_NO_COMMON_BLOCKS = YES;
				GCC_WARN_64_TO_32_BIT_CONVERSION = YES;
				GCC_WARN_ABOUT_RETURN_TYPE = YES_ERROR;
				GCC_WARN_UNDECLARED_SELECTOR = YES;
				GCC_WARN_UNINITIALIZED_AUTOS = YES_AGGRESSIVE;
				GCC_WARN_UNUSED_FUNCTION = YES;
				GCC_WARN_UNUSED_VARIABLE = YES;
				IPHONEOS_DEPLOYMENT_TARGET = 10.0;
				MTL_ENABLE_DEBUG_INFO = NO;
				SDKROOT = iphoneos;
				SWIFT_OPTIMIZATION_LEVEL = "-Owholemodule";
				VALIDATE_PRODUCT = YES;
			};
			name = Release;
		};
		3A091EE11DC1285000B9DABE /* Debug */ = {
			isa = XCBuildConfiguration;
			buildSettings = {
				ASSETCATALOG_COMPILER_APPICON_NAME = AppIcon;
				"CODE_SIGN_IDENTITY[sdk=iphoneos*]" = "iPhone Developer";
				DEVELOPMENT_TEAM = 3HGYZ8QVD6;
				FRAMEWORK_SEARCH_PATHS = (
					"$(inherited)",
					"$(PROJECT_DIR)/Carthage/Build/iOS",
				);
				INFOPLIST_FILE = giphysearch/Info.plist;
				LD_RUNPATH_SEARCH_PATHS = "$(inherited) @executable_path/Frameworks";
				PRODUCT_BUNDLE_IDENTIFIER = br.com.edulpn.giphysearch;
				PRODUCT_NAME = "$(TARGET_NAME)";
				SWIFT_VERSION = 3.0;
			};
			name = Debug;
		};
		3A091EE21DC1285000B9DABE /* Release */ = {
			isa = XCBuildConfiguration;
			buildSettings = {
				ASSETCATALOG_COMPILER_APPICON_NAME = AppIcon;
				"CODE_SIGN_IDENTITY[sdk=iphoneos*]" = "iPhone Developer";
				DEVELOPMENT_TEAM = 3HGYZ8QVD6;
				FRAMEWORK_SEARCH_PATHS = (
					"$(inherited)",
					"$(PROJECT_DIR)/Carthage/Build/iOS",
				);
				INFOPLIST_FILE = giphysearch/Info.plist;
				LD_RUNPATH_SEARCH_PATHS = "$(inherited) @executable_path/Frameworks";
				PRODUCT_BUNDLE_IDENTIFIER = br.com.edulpn.giphysearch;
				PRODUCT_NAME = "$(TARGET_NAME)";
				SWIFT_VERSION = 3.0;
			};
			name = Release;
		};
		3A091EE41DC1285000B9DABE /* Debug */ = {
			isa = XCBuildConfiguration;
			buildSettings = {
				ALWAYS_EMBED_SWIFT_STANDARD_LIBRARIES = YES;
				BUNDLE_LOADER = "$(TEST_HOST)";
				DEVELOPMENT_TEAM = 3HGYZ8QVD6;
				INFOPLIST_FILE = giphysearchTests/Info.plist;
				LD_RUNPATH_SEARCH_PATHS = "$(inherited) @executable_path/Frameworks @loader_path/Frameworks";
				PRODUCT_BUNDLE_IDENTIFIER = br.com.edulpn.giphysearchTests;
				PRODUCT_NAME = "$(TARGET_NAME)";
				SWIFT_VERSION = 3.0;
				TEST_HOST = "$(BUILT_PRODUCTS_DIR)/giphysearch.app/giphysearch";
			};
			name = Debug;
		};
		3A091EE51DC1285000B9DABE /* Release */ = {
			isa = XCBuildConfiguration;
			buildSettings = {
				ALWAYS_EMBED_SWIFT_STANDARD_LIBRARIES = YES;
				BUNDLE_LOADER = "$(TEST_HOST)";
				DEVELOPMENT_TEAM = 3HGYZ8QVD6;
				INFOPLIST_FILE = giphysearchTests/Info.plist;
				LD_RUNPATH_SEARCH_PATHS = "$(inherited) @executable_path/Frameworks @loader_path/Frameworks";
				PRODUCT_BUNDLE_IDENTIFIER = br.com.edulpn.giphysearchTests;
				PRODUCT_NAME = "$(TARGET_NAME)";
				SWIFT_VERSION = 3.0;
				TEST_HOST = "$(BUILT_PRODUCTS_DIR)/giphysearch.app/giphysearch";
			};
			name = Release;
		};
/* End XCBuildConfiguration section */

/* Begin XCConfigurationList section */
		3A091EBE1DC1284F00B9DABE /* Build configuration list for PBXProject "giphysearch" */ = {
			isa = XCConfigurationList;
			buildConfigurations = (
				3A091EDE1DC1285000B9DABE /* Debug */,
				3A091EDF1DC1285000B9DABE /* Release */,
			);
			defaultConfigurationIsVisible = 0;
			defaultConfigurationName = Release;
		};
		3A091EE01DC1285000B9DABE /* Build configuration list for PBXNativeTarget "giphysearch" */ = {
			isa = XCConfigurationList;
			buildConfigurations = (
				3A091EE11DC1285000B9DABE /* Debug */,
				3A091EE21DC1285000B9DABE /* Release */,
			);
			defaultConfigurationIsVisible = 0;
			defaultConfigurationName = Release;
		};
		3A091EE31DC1285000B9DABE /* Build configuration list for PBXNativeTarget "giphysearchTests" */ = {
			isa = XCConfigurationList;
			buildConfigurations = (
				3A091EE41DC1285000B9DABE /* Debug */,
				3A091EE51DC1285000B9DABE /* Release */,
			);
			defaultConfigurationIsVisible = 0;
			defaultConfigurationName = Release;
		};
/* End XCConfigurationList section */
	};
	rootObject = 3A091EBB1DC1284F00B9DABE /* Project object */;
}
